// !$*UTF8*$!
{
	archiveVersion = 1;
	classes = {
	};
	objectVersion = 56;
	objects = {

/* Begin PBXBuildFile section */
		B8033BF52A95FEAF0019F6AC /* HPRangeSelectionManager.swift in Sources */ = {isa = PBXBuildFile; fileRef = B8033BF42A95FEAF0019F6AC /* HPRangeSelectionManager.swift */; };
		B8033BF72A95FEE50019F6AC /* HPSelectionDay.swift in Sources */ = {isa = PBXBuildFile; fileRef = B8033BF62A95FEE50019F6AC /* HPSelectionDay.swift */; };
		B8033BFE2A973DF50019F6AC /* RGBColor+Extension.swift in Sources */ = {isa = PBXBuildFile; fileRef = B8033BFD2A973DF50019F6AC /* RGBColor+Extension.swift */; };
		B8033C002A9741BA0019F6AC /* RGBColor.swift in Sources */ = {isa = PBXBuildFile; fileRef = B8033BFF2A9741BA0019F6AC /* RGBColor.swift */; };
		B8033C042A9742100019F6AC /* HPCalendarCellViewModel.swift in Sources */ = {isa = PBXBuildFile; fileRef = B8033C032A9742100019F6AC /* HPCalendarCellViewModel.swift */; };
		B8033C092A9755B90019F6AC /* WeekDayHStackView.swift in Sources */ = {isa = PBXBuildFile; fileRef = B8033C082A9755B90019F6AC /* WeekDayHStackView.swift */; };
		B8033C0B2A9887700019F6AC /* HPCalendarManager.swift in Sources */ = {isa = PBXBuildFile; fileRef = B8033C0A2A9887700019F6AC /* HPCalendarManager.swift */; };
		B823B6A52A8C8EF60043DC9F /* HPCalendar.framework in Frameworks */ = {isa = PBXBuildFile; fileRef = B823B69C2A8C8EF60043DC9F /* HPCalendar.framework */; };
		B823B6AA2A8C8EF60043DC9F /* MetaDataProviderTests.swift in Sources */ = {isa = PBXBuildFile; fileRef = B823B6A92A8C8EF60043DC9F /* MetaDataProviderTests.swift */; };
		B823B6AB2A8C8EF60043DC9F /* HPCalendar.h in Headers */ = {isa = PBXBuildFile; fileRef = B823B69F2A8C8EF60043DC9F /* HPCalendar.h */; settings = {ATTRIBUTES = (Public, ); }; };
		B823B6B62A8CC3CF0043DC9F /* MetaDataProvider.swift in Sources */ = {isa = PBXBuildFile; fileRef = B823B6B52A8CC3CF0043DC9F /* MetaDataProvider.swift */; };
		B823B6B82A8CC54A0043DC9F /* NativeHPDaysLoaderTests.swift in Sources */ = {isa = PBXBuildFile; fileRef = B823B6B72A8CC54A0043DC9F /* NativeHPDaysLoaderTests.swift */; };
		B823B6BA2A8CE8A80043DC9F /* NativeHPDayLoader.swift in Sources */ = {isa = PBXBuildFile; fileRef = B823B6B92A8CE8A80043DC9F /* NativeHPDayLoader.swift */; };
		B823B6BC2A8CE8CA0043DC9F /* HPDay.swift in Sources */ = {isa = PBXBuildFile; fileRef = B823B6BB2A8CE8CA0043DC9F /* HPDay.swift */; };
		B823B6C32A8D04970043DC9F /* HPCalendarViewModelTests.swift in Sources */ = {isa = PBXBuildFile; fileRef = B823B6C22A8D04970043DC9F /* HPCalendarViewModelTests.swift */; };
		B82EEE582A9207EB00488E1C /* HPCalendarPolicy.swift in Sources */ = {isa = PBXBuildFile; fileRef = B82EEE572A9207EB00488E1C /* HPCalendarPolicy.swift */; };
		B82EEE5B2A92162600488E1C /* HPCalendarColorConstant.swift in Sources */ = {isa = PBXBuildFile; fileRef = B82EEE5A2A92162600488E1C /* HPCalendarColorConstant.swift */; };
		B82EEE5D2A92713B00488E1C /* HPCalendar.swift in Sources */ = {isa = PBXBuildFile; fileRef = B82EEE5C2A92713B00488E1C /* HPCalendar.swift */; };
		B82EEE622A934F2100488E1C /* UIStackView+Extension.swift in Sources */ = {isa = PBXBuildFile; fileRef = B82EEE612A934F2100488E1C /* UIStackView+Extension.swift */; };
		B82EEF052A94A9C300488E1C /* HPCalendar.xcassets in Resources */ = {isa = PBXBuildFile; fileRef = B82EEF032A949F8900488E1C /* HPCalendar.xcassets */; };
		B83D2B282A8DE8D70078E177 /* HPSingleSelectionCalendarUIIntegrationTests.swift in Sources */ = {isa = PBXBuildFile; fileRef = B83D2B272A8DE8D70078E177 /* HPSingleSelectionCalendarUIIntegrationTests.swift */; };
		B83D2B2A2A8DE93E0078E177 /* HPCalendarViewModel.swift in Sources */ = {isa = PBXBuildFile; fileRef = B83D2B292A8DE93E0078E177 /* HPCalendarViewModel.swift */; };
		B83D2B2C2A8DF7350078E177 /* HPCalendarView.swift in Sources */ = {isa = PBXBuildFile; fileRef = B83D2B2B2A8DF7350078E177 /* HPCalendarView.swift */; };
		B83D2B2E2A8DF7560078E177 /* HPCalendarCell.swift in Sources */ = {isa = PBXBuildFile; fileRef = B83D2B2D2A8DF7560078E177 /* HPCalendarCell.swift */; };
		B83D2B352A8DF9430078E177 /* HPCalendarView+TestHelpers.swift in Sources */ = {isa = PBXBuildFile; fileRef = B83D2B342A8DF9430078E177 /* HPCalendarView+TestHelpers.swift */; };
		B83D2B372A8E06C30078E177 /* HPCalendarHeaderView.swift in Sources */ = {isa = PBXBuildFile; fileRef = B83D2B362A8E06C30078E177 /* HPCalendarHeaderView.swift */; };
		B865E9E12A98AC4C00BA495B /* XCTestCase+MemoryLeakTracking.swift in Sources */ = {isa = PBXBuildFile; fileRef = B865E9E02A98AC4C00BA495B /* XCTestCase+MemoryLeakTracking.swift */; };
		B865E9E32A98AD1F00BA495B /* HPCalendarCellViewModelTests.swift in Sources */ = {isa = PBXBuildFile; fileRef = B865E9E22A98AD1F00BA495B /* HPCalendarCellViewModelTests.swift */; };
		B865E9E52A98B00900BA495B /* HPSingleSelectionManagerTests.swift in Sources */ = {isa = PBXBuildFile; fileRef = B865E9E42A98B00900BA495B /* HPSingleSelectionManagerTests.swift */; };
		B88006862A8F850D00D10191 /* HPSingleSelectionManager.swift in Sources */ = {isa = PBXBuildFile; fileRef = B88006852A8F850D00D10191 /* HPSingleSelectionManager.swift */; };
		B880068B2A8F988400D10191 /* SharedTestHelpers.swift in Sources */ = {isa = PBXBuildFile; fileRef = B880068A2A8F988400D10191 /* SharedTestHelpers.swift */; };
		B88D03A42A8F6519002877ED /* HPDayLoader.swift in Sources */ = {isa = PBXBuildFile; fileRef = B88D03A32A8F6519002877ED /* HPDayLoader.swift */; };
		B8CC01522A9C84C1009FCEDC /* HPRangeSelectionManagerTests.swift in Sources */ = {isa = PBXBuildFile; fileRef = B8CC01512A9C84C1009FCEDC /* HPRangeSelectionManagerTests.swift */; };
		B8CC01562A9DBFC9009FCEDC /* HPEvent.swift in Sources */ = {isa = PBXBuildFile; fileRef = B8CC01552A9DBFC9009FCEDC /* HPEvent.swift */; };
		B8CC01582A9DC00D009FCEDC /* SingleSelectionResult.swift in Sources */ = {isa = PBXBuildFile; fileRef = B8CC01572A9DC00D009FCEDC /* SingleSelectionResult.swift */; };
		B8CC015A2A9DC01F009FCEDC /* RangeSelectionResult.swift in Sources */ = {isa = PBXBuildFile; fileRef = B8CC01592A9DC01F009FCEDC /* RangeSelectionResult.swift */; };
		B8FA479C2A8E205200212FA4 /* UIButton+TestHelpers.swift in Sources */ = {isa = PBXBuildFile; fileRef = B8FA479B2A8E205200212FA4 /* UIButton+TestHelpers.swift */; };
		B8FA479E2A8E206D00212FA4 /* UIControl+TestHelpers.swift in Sources */ = {isa = PBXBuildFile; fileRef = B8FA479D2A8E206D00212FA4 /* UIControl+TestHelpers.swift */; };
/* End PBXBuildFile section */

/* Begin PBXContainerItemProxy section */
		B823B6A62A8C8EF60043DC9F /* PBXContainerItemProxy */ = {
			isa = PBXContainerItemProxy;
			containerPortal = B823B6932A8C8EF60043DC9F /* Project object */;
			proxyType = 1;
			remoteGlobalIDString = B823B69B2A8C8EF60043DC9F;
			remoteInfo = HPCalendar;
		};
/* End PBXContainerItemProxy section */

/* Begin PBXFileReference section */
		B8033BF42A95FEAF0019F6AC /* HPRangeSelectionManager.swift */ = {isa = PBXFileReference; lastKnownFileType = sourcecode.swift; path = HPRangeSelectionManager.swift; sourceTree = "<group>"; };
		B8033BF62A95FEE50019F6AC /* HPSelectionDay.swift */ = {isa = PBXFileReference; lastKnownFileType = sourcecode.swift; path = HPSelectionDay.swift; sourceTree = "<group>"; };
		B8033BFD2A973DF50019F6AC /* RGBColor+Extension.swift */ = {isa = PBXFileReference; lastKnownFileType = sourcecode.swift; path = "RGBColor+Extension.swift"; sourceTree = "<group>"; };
		B8033BFF2A9741BA0019F6AC /* RGBColor.swift */ = {isa = PBXFileReference; lastKnownFileType = sourcecode.swift; path = RGBColor.swift; sourceTree = "<group>"; };
		B8033C032A9742100019F6AC /* HPCalendarCellViewModel.swift */ = {isa = PBXFileReference; lastKnownFileType = sourcecode.swift; path = HPCalendarCellViewModel.swift; sourceTree = "<group>"; };
		B8033C082A9755B90019F6AC /* WeekDayHStackView.swift */ = {isa = PBXFileReference; lastKnownFileType = sourcecode.swift; path = WeekDayHStackView.swift; sourceTree = "<group>"; };
		B8033C0A2A9887700019F6AC /* HPCalendarManager.swift */ = {isa = PBXFileReference; lastKnownFileType = sourcecode.swift; path = HPCalendarManager.swift; sourceTree = "<group>"; };
		B823B69C2A8C8EF60043DC9F /* HPCalendar.framework */ = {isa = PBXFileReference; explicitFileType = wrapper.framework; includeInIndex = 0; path = HPCalendar.framework; sourceTree = BUILT_PRODUCTS_DIR; };
		B823B69F2A8C8EF60043DC9F /* HPCalendar.h */ = {isa = PBXFileReference; lastKnownFileType = sourcecode.c.h; path = HPCalendar.h; sourceTree = "<group>"; };
		B823B6A42A8C8EF60043DC9F /* HPCalendarTests.xctest */ = {isa = PBXFileReference; explicitFileType = wrapper.cfbundle; includeInIndex = 0; path = HPCalendarTests.xctest; sourceTree = BUILT_PRODUCTS_DIR; };
		B823B6A92A8C8EF60043DC9F /* MetaDataProviderTests.swift */ = {isa = PBXFileReference; lastKnownFileType = sourcecode.swift; path = MetaDataProviderTests.swift; sourceTree = "<group>"; };
		B823B6B42A8C9F5D0043DC9F /* HPCalendar.xctestplan */ = {isa = PBXFileReference; lastKnownFileType = text; path = HPCalendar.xctestplan; sourceTree = SOURCE_ROOT; };
		B823B6B52A8CC3CF0043DC9F /* MetaDataProvider.swift */ = {isa = PBXFileReference; lastKnownFileType = sourcecode.swift; path = MetaDataProvider.swift; sourceTree = "<group>"; };
		B823B6B72A8CC54A0043DC9F /* NativeHPDaysLoaderTests.swift */ = {isa = PBXFileReference; lastKnownFileType = sourcecode.swift; path = NativeHPDaysLoaderTests.swift; sourceTree = "<group>"; };
		B823B6B92A8CE8A80043DC9F /* NativeHPDayLoader.swift */ = {isa = PBXFileReference; lastKnownFileType = sourcecode.swift; path = NativeHPDayLoader.swift; sourceTree = "<group>"; };
		B823B6BB2A8CE8CA0043DC9F /* HPDay.swift */ = {isa = PBXFileReference; lastKnownFileType = sourcecode.swift; path = HPDay.swift; sourceTree = "<group>"; };
		B823B6C22A8D04970043DC9F /* HPCalendarViewModelTests.swift */ = {isa = PBXFileReference; lastKnownFileType = sourcecode.swift; path = HPCalendarViewModelTests.swift; sourceTree = "<group>"; };
		B82EEE572A9207EB00488E1C /* HPCalendarPolicy.swift */ = {isa = PBXFileReference; lastKnownFileType = sourcecode.swift; path = HPCalendarPolicy.swift; sourceTree = "<group>"; };
		B82EEE5A2A92162600488E1C /* HPCalendarColorConstant.swift */ = {isa = PBXFileReference; lastKnownFileType = sourcecode.swift; path = HPCalendarColorConstant.swift; sourceTree = "<group>"; };
		B82EEE5C2A92713B00488E1C /* HPCalendar.swift */ = {isa = PBXFileReference; lastKnownFileType = sourcecode.swift; path = HPCalendar.swift; sourceTree = "<group>"; };
		B82EEE612A934F2100488E1C /* UIStackView+Extension.swift */ = {isa = PBXFileReference; lastKnownFileType = sourcecode.swift; path = "UIStackView+Extension.swift"; sourceTree = "<group>"; };
		B82EEF032A949F8900488E1C /* HPCalendar.xcassets */ = {isa = PBXFileReference; lastKnownFileType = folder.assetcatalog; path = HPCalendar.xcassets; sourceTree = "<group>"; };
		B83D2B272A8DE8D70078E177 /* HPSingleSelectionCalendarUIIntegrationTests.swift */ = {isa = PBXFileReference; lastKnownFileType = sourcecode.swift; path = HPSingleSelectionCalendarUIIntegrationTests.swift; sourceTree = "<group>"; };
		B83D2B292A8DE93E0078E177 /* HPCalendarViewModel.swift */ = {isa = PBXFileReference; lastKnownFileType = sourcecode.swift; path = HPCalendarViewModel.swift; sourceTree = "<group>"; };
		B83D2B2B2A8DF7350078E177 /* HPCalendarView.swift */ = {isa = PBXFileReference; lastKnownFileType = sourcecode.swift; path = HPCalendarView.swift; sourceTree = "<group>"; };
		B83D2B2D2A8DF7560078E177 /* HPCalendarCell.swift */ = {isa = PBXFileReference; lastKnownFileType = sourcecode.swift; path = HPCalendarCell.swift; sourceTree = "<group>"; };
		B83D2B342A8DF9430078E177 /* HPCalendarView+TestHelpers.swift */ = {isa = PBXFileReference; lastKnownFileType = sourcecode.swift; path = "HPCalendarView+TestHelpers.swift"; sourceTree = "<group>"; };
		B83D2B362A8E06C30078E177 /* HPCalendarHeaderView.swift */ = {isa = PBXFileReference; lastKnownFileType = sourcecode.swift; path = HPCalendarHeaderView.swift; sourceTree = "<group>"; };
		B865E9E02A98AC4C00BA495B /* XCTestCase+MemoryLeakTracking.swift */ = {isa = PBXFileReference; lastKnownFileType = sourcecode.swift; path = "XCTestCase+MemoryLeakTracking.swift"; sourceTree = "<group>"; };
		B865E9E22A98AD1F00BA495B /* HPCalendarCellViewModelTests.swift */ = {isa = PBXFileReference; lastKnownFileType = sourcecode.swift; path = HPCalendarCellViewModelTests.swift; sourceTree = "<group>"; };
		B865E9E42A98B00900BA495B /* HPSingleSelectionManagerTests.swift */ = {isa = PBXFileReference; lastKnownFileType = sourcecode.swift; path = HPSingleSelectionManagerTests.swift; sourceTree = "<group>"; };
		B88006852A8F850D00D10191 /* HPSingleSelectionManager.swift */ = {isa = PBXFileReference; lastKnownFileType = sourcecode.swift; path = HPSingleSelectionManager.swift; sourceTree = "<group>"; };
		B880068A2A8F988400D10191 /* SharedTestHelpers.swift */ = {isa = PBXFileReference; lastKnownFileType = sourcecode.swift; path = SharedTestHelpers.swift; sourceTree = "<group>"; };
		B88D03A32A8F6519002877ED /* HPDayLoader.swift */ = {isa = PBXFileReference; lastKnownFileType = sourcecode.swift; path = HPDayLoader.swift; sourceTree = "<group>"; };
		B8CC01512A9C84C1009FCEDC /* HPRangeSelectionManagerTests.swift */ = {isa = PBXFileReference; lastKnownFileType = sourcecode.swift; path = HPRangeSelectionManagerTests.swift; sourceTree = "<group>"; };
		B8CC01552A9DBFC9009FCEDC /* HPEvent.swift */ = {isa = PBXFileReference; lastKnownFileType = sourcecode.swift; path = HPEvent.swift; sourceTree = "<group>"; };
		B8CC01572A9DC00D009FCEDC /* SingleSelectionResult.swift */ = {isa = PBXFileReference; lastKnownFileType = sourcecode.swift; path = SingleSelectionResult.swift; sourceTree = "<group>"; };
		B8CC01592A9DC01F009FCEDC /* RangeSelectionResult.swift */ = {isa = PBXFileReference; lastKnownFileType = sourcecode.swift; path = RangeSelectionResult.swift; sourceTree = "<group>"; };
		B8FA479B2A8E205200212FA4 /* UIButton+TestHelpers.swift */ = {isa = PBXFileReference; lastKnownFileType = sourcecode.swift; path = "UIButton+TestHelpers.swift"; sourceTree = "<group>"; };
		B8FA479D2A8E206D00212FA4 /* UIControl+TestHelpers.swift */ = {isa = PBXFileReference; lastKnownFileType = sourcecode.swift; path = "UIControl+TestHelpers.swift"; sourceTree = "<group>"; };
/* End PBXFileReference section */

/* Begin PBXFrameworksBuildPhase section */
		B823B6992A8C8EF60043DC9F /* Frameworks */ = {
			isa = PBXFrameworksBuildPhase;
			buildActionMask = 2147483647;
			files = (
			);
			runOnlyForDeploymentPostprocessing = 0;
		};
		B823B6A12A8C8EF60043DC9F /* Frameworks */ = {
			isa = PBXFrameworksBuildPhase;
			buildActionMask = 2147483647;
			files = (
				B823B6A52A8C8EF60043DC9F /* HPCalendar.framework in Frameworks */,
			);
			runOnlyForDeploymentPostprocessing = 0;
		};
/* End PBXFrameworksBuildPhase section */

/* Begin PBXGroup section */
		B8033BF12A95FE300019F6AC /* RangeSelection */ = {
			isa = PBXGroup;
			children = (
				B8033BF42A95FEAF0019F6AC /* HPRangeSelectionManager.swift */,
			);
			path = RangeSelection;
			sourceTree = "<group>";
		};
		B8033C072A9755A20019F6AC /* SharedUI */ = {
			isa = PBXGroup;
			children = (
				B83D2B362A8E06C30078E177 /* HPCalendarHeaderView.swift */,
				B8033C082A9755B90019F6AC /* WeekDayHStackView.swift */,
				B83D2B2D2A8DF7560078E177 /* HPCalendarCell.swift */,
				B83D2B2B2A8DF7350078E177 /* HPCalendarView.swift */,
			);
			path = SharedUI;
			sourceTree = "<group>";
		};
		B823B6922A8C8EF60043DC9F = {
			isa = PBXGroup;
			children = (
				B823B69E2A8C8EF60043DC9F /* HPCalendar */,
				B823B6A82A8C8EF60043DC9F /* HPCalendarTests */,
				B823B69D2A8C8EF60043DC9F /* Products */,
			);
			sourceTree = "<group>";
		};
		B823B69D2A8C8EF60043DC9F /* Products */ = {
			isa = PBXGroup;
			children = (
				B823B69C2A8C8EF60043DC9F /* HPCalendar.framework */,
				B823B6A42A8C8EF60043DC9F /* HPCalendarTests.xctest */,
			);
			name = Products;
			sourceTree = "<group>";
		};
		B823B69E2A8C8EF60043DC9F /* HPCalendar */ = {
			isa = PBXGroup;
			children = (
				B823B69F2A8C8EF60043DC9F /* HPCalendar.h */,
				B823B6BD2A8CFA180043DC9F /* HPCalendarFeature */,
				B88D03A52A8F65DC002877ED /* HPLoaderNative */,
				B823B6BF2A8D02520043DC9F /* HPCalendarPresentation */,
				B83D2B252A8DE6EC0078E177 /* HPCalendarUI */,
			);
			path = HPCalendar;
			sourceTree = "<group>";
		};
		B823B6A82A8C8EF60043DC9F /* HPCalendarTests */ = {
			isa = PBXGroup;
			children = (
				B823B6B42A8C9F5D0043DC9F /* HPCalendar.xctestplan */,
				B88006892A8F986200D10191 /* Helpers */,
				B8B541412A94E61A00E4D520 /* HPLoaderNative */,
				B823B6C12A8D02840043DC9F /* HPCalendarPresentation */,
				B83D2B262A8DE7070078E177 /* HPCalendarUI */,
			);
			path = HPCalendarTests;
			sourceTree = "<group>";
		};
		B823B6BD2A8CFA180043DC9F /* HPCalendarFeature */ = {
			isa = PBXGroup;
			children = (
				B823B6BB2A8CE8CA0043DC9F /* HPDay.swift */,
				B88D03A32A8F6519002877ED /* HPDayLoader.swift */,
				B82EEE572A9207EB00488E1C /* HPCalendarPolicy.swift */,
				B8CC01552A9DBFC9009FCEDC /* HPEvent.swift */,
				B8CC01572A9DC00D009FCEDC /* SingleSelectionResult.swift */,
				B8CC01592A9DC01F009FCEDC /* RangeSelectionResult.swift */,
			);
			path = HPCalendarFeature;
			sourceTree = "<group>";
		};
		B823B6BF2A8D02520043DC9F /* HPCalendarPresentation */ = {
			isa = PBXGroup;
			children = (
				B8033BF62A95FEE50019F6AC /* HPSelectionDay.swift */,
				B83D2B292A8DE93E0078E177 /* HPCalendarViewModel.swift */,
				B8033C032A9742100019F6AC /* HPCalendarCellViewModel.swift */,
				B8033C0A2A9887700019F6AC /* HPCalendarManager.swift */,
				B82EEE542A92062D00488E1C /* SingleSelection */,
				B8033BF12A95FE300019F6AC /* RangeSelection */,
			);
			path = HPCalendarPresentation;
			sourceTree = "<group>";
		};
		B823B6C12A8D02840043DC9F /* HPCalendarPresentation */ = {
			isa = PBXGroup;
			children = (
				B823B6C22A8D04970043DC9F /* HPCalendarViewModelTests.swift */,
				B865E9E22A98AD1F00BA495B /* HPCalendarCellViewModelTests.swift */,
				B8CC01532A9C8913009FCEDC /* HPCalendarManager */,
			);
			path = HPCalendarPresentation;
			sourceTree = "<group>";
		};
		B82EEE542A92062D00488E1C /* SingleSelection */ = {
			isa = PBXGroup;
			children = (
				B88006852A8F850D00D10191 /* HPSingleSelectionManager.swift */,
			);
			path = SingleSelection;
			sourceTree = "<group>";
		};
		B82EEE602A934F1000488E1C /* Helpers */ = {
			isa = PBXGroup;
			children = (
				B82EEE612A934F2100488E1C /* UIStackView+Extension.swift */,
				B8033BFD2A973DF50019F6AC /* RGBColor+Extension.swift */,
			);
			path = Helpers;
			sourceTree = "<group>";
		};
		B83D2B252A8DE6EC0078E177 /* HPCalendarUI */ = {
			isa = PBXGroup;
			children = (
				B82EEF032A949F8900488E1C /* HPCalendar.xcassets */,
				B82EEE602A934F1000488E1C /* Helpers */,
				B8033C072A9755A20019F6AC /* SharedUI */,
				B82EEE5A2A92162600488E1C /* HPCalendarColorConstant.swift */,
				B8033BFF2A9741BA0019F6AC /* RGBColor.swift */,
				B82EEE5C2A92713B00488E1C /* HPCalendar.swift */,
			);
			path = HPCalendarUI;
			sourceTree = "<group>";
		};
		B83D2B262A8DE7070078E177 /* HPCalendarUI */ = {
			isa = PBXGroup;
			children = (
				B83D2B332A8DF9290078E177 /* Helpers */,
				B83D2B272A8DE8D70078E177 /* HPSingleSelectionCalendarUIIntegrationTests.swift */,
			);
			path = HPCalendarUI;
			sourceTree = "<group>";
		};
		B83D2B332A8DF9290078E177 /* Helpers */ = {
			isa = PBXGroup;
			children = (
				B8FA479B2A8E205200212FA4 /* UIButton+TestHelpers.swift */,
				B8FA479D2A8E206D00212FA4 /* UIControl+TestHelpers.swift */,
				B83D2B342A8DF9430078E177 /* HPCalendarView+TestHelpers.swift */,
			);
			path = Helpers;
			sourceTree = "<group>";
		};
		B88006892A8F986200D10191 /* Helpers */ = {
			isa = PBXGroup;
			children = (
				B880068A2A8F988400D10191 /* SharedTestHelpers.swift */,
				B865E9E02A98AC4C00BA495B /* XCTestCase+MemoryLeakTracking.swift */,
			);
			path = Helpers;
			sourceTree = "<group>";
		};
		B88D03A52A8F65DC002877ED /* HPLoaderNative */ = {
			isa = PBXGroup;
			children = (
				B823B6B92A8CE8A80043DC9F /* NativeHPDayLoader.swift */,
				B823B6B52A8CC3CF0043DC9F /* MetaDataProvider.swift */,
			);
			path = HPLoaderNative;
			sourceTree = "<group>";
		};
		B8B541412A94E61A00E4D520 /* HPLoaderNative */ = {
			isa = PBXGroup;
			children = (
				B823B6B72A8CC54A0043DC9F /* NativeHPDaysLoaderTests.swift */,
				B823B6A92A8C8EF60043DC9F /* MetaDataProviderTests.swift */,
			);
			path = HPLoaderNative;
			sourceTree = "<group>";
		};
		B8CC01532A9C8913009FCEDC /* HPCalendarManager */ = {
			isa = PBXGroup;
			children = (
				B865E9E42A98B00900BA495B /* HPSingleSelectionManagerTests.swift */,
				B8CC01512A9C84C1009FCEDC /* HPRangeSelectionManagerTests.swift */,
			);
			path = HPCalendarManager;
			sourceTree = "<group>";
		};
/* End PBXGroup section */

/* Begin PBXHeadersBuildPhase section */
		B823B6972A8C8EF60043DC9F /* Headers */ = {
			isa = PBXHeadersBuildPhase;
			buildActionMask = 2147483647;
			files = (
				B823B6AB2A8C8EF60043DC9F /* HPCalendar.h in Headers */,
			);
			runOnlyForDeploymentPostprocessing = 0;
		};
/* End PBXHeadersBuildPhase section */

/* Begin PBXNativeTarget section */
		B823B69B2A8C8EF60043DC9F /* HPCalendar */ = {
			isa = PBXNativeTarget;
			buildConfigurationList = B823B6AE2A8C8EF60043DC9F /* Build configuration list for PBXNativeTarget "HPCalendar" */;
			buildPhases = (
				B823B6972A8C8EF60043DC9F /* Headers */,
				B823B6982A8C8EF60043DC9F /* Sources */,
				B823B6992A8C8EF60043DC9F /* Frameworks */,
				B823B69A2A8C8EF60043DC9F /* Resources */,
			);
			buildRules = (
			);
			dependencies = (
			);
			name = HPCalendar;
			productName = HPCalendar;
			productReference = B823B69C2A8C8EF60043DC9F /* HPCalendar.framework */;
			productType = "com.apple.product-type.framework";
		};
		B823B6A32A8C8EF60043DC9F /* HPCalendarTests */ = {
			isa = PBXNativeTarget;
			buildConfigurationList = B823B6B12A8C8EF60043DC9F /* Build configuration list for PBXNativeTarget "HPCalendarTests" */;
			buildPhases = (
				B823B6A02A8C8EF60043DC9F /* Sources */,
				B823B6A12A8C8EF60043DC9F /* Frameworks */,
				B823B6A22A8C8EF60043DC9F /* Resources */,
			);
			buildRules = (
			);
			dependencies = (
				B823B6A72A8C8EF60043DC9F /* PBXTargetDependency */,
			);
			name = HPCalendarTests;
			productName = HPCalendarTests;
			productReference = B823B6A42A8C8EF60043DC9F /* HPCalendarTests.xctest */;
			productType = "com.apple.product-type.bundle.unit-test";
		};
/* End PBXNativeTarget section */

/* Begin PBXProject section */
		B823B6932A8C8EF60043DC9F /* Project object */ = {
			isa = PBXProject;
			attributes = {
				BuildIndependentTargetsInParallel = 1;
				LastSwiftUpdateCheck = 1430;
				LastUpgradeCheck = 1430;
				TargetAttributes = {
					B823B69B2A8C8EF60043DC9F = {
						CreatedOnToolsVersion = 14.3.1;
						LastSwiftMigration = 1430;
					};
					B823B6A32A8C8EF60043DC9F = {
						CreatedOnToolsVersion = 14.3.1;
					};
				};
			};
			buildConfigurationList = B823B6962A8C8EF60043DC9F /* Build configuration list for PBXProject "HPCalendar" */;
			compatibilityVersion = "Xcode 14.0";
			developmentRegion = en;
			hasScannedForEncodings = 0;
			knownRegions = (
				en,
				Base,
			);
			mainGroup = B823B6922A8C8EF60043DC9F;
			productRefGroup = B823B69D2A8C8EF60043DC9F /* Products */;
			projectDirPath = "";
			projectRoot = "";
			targets = (
				B823B69B2A8C8EF60043DC9F /* HPCalendar */,
				B823B6A32A8C8EF60043DC9F /* HPCalendarTests */,
			);
		};
/* End PBXProject section */

/* Begin PBXResourcesBuildPhase section */
		B823B69A2A8C8EF60043DC9F /* Resources */ = {
			isa = PBXResourcesBuildPhase;
			buildActionMask = 2147483647;
			files = (
				B82EEF052A94A9C300488E1C /* HPCalendar.xcassets in Resources */,
			);
			runOnlyForDeploymentPostprocessing = 0;
		};
		B823B6A22A8C8EF60043DC9F /* Resources */ = {
			isa = PBXResourcesBuildPhase;
			buildActionMask = 2147483647;
			files = (
			);
			runOnlyForDeploymentPostprocessing = 0;
		};
/* End PBXResourcesBuildPhase section */

/* Begin PBXSourcesBuildPhase section */
		B823B6982A8C8EF60043DC9F /* Sources */ = {
			isa = PBXSourcesBuildPhase;
			buildActionMask = 2147483647;
			files = (
				B8033BFE2A973DF50019F6AC /* RGBColor+Extension.swift in Sources */,
				B823B6BA2A8CE8A80043DC9F /* NativeHPDayLoader.swift in Sources */,
				B82EEE622A934F2100488E1C /* UIStackView+Extension.swift in Sources */,
				B8033C092A9755B90019F6AC /* WeekDayHStackView.swift in Sources */,
				B8033BF52A95FEAF0019F6AC /* HPRangeSelectionManager.swift in Sources */,
				B88D03A42A8F6519002877ED /* HPDayLoader.swift in Sources */,
				B823B6B62A8CC3CF0043DC9F /* MetaDataProvider.swift in Sources */,
				B83D2B2C2A8DF7350078E177 /* HPCalendarView.swift in Sources */,
				B8033C002A9741BA0019F6AC /* RGBColor.swift in Sources */,
				B83D2B372A8E06C30078E177 /* HPCalendarHeaderView.swift in Sources */,
				B82EEE582A9207EB00488E1C /* HPCalendarPolicy.swift in Sources */,
				B83D2B2E2A8DF7560078E177 /* HPCalendarCell.swift in Sources */,
				B8CC01562A9DBFC9009FCEDC /* HPEvent.swift in Sources */,
				B83D2B2A2A8DE93E0078E177 /* HPCalendarViewModel.swift in Sources */,
				B82EEE5B2A92162600488E1C /* HPCalendarColorConstant.swift in Sources */,
				B8CC015A2A9DC01F009FCEDC /* RangeSelectionResult.swift in Sources */,
				B88006862A8F850D00D10191 /* HPSingleSelectionManager.swift in Sources */,
				B8033C0B2A9887700019F6AC /* HPCalendarManager.swift in Sources */,
				B8033BF72A95FEE50019F6AC /* HPSelectionDay.swift in Sources */,
				B823B6BC2A8CE8CA0043DC9F /* HPDay.swift in Sources */,
				B82EEE5D2A92713B00488E1C /* HPCalendar.swift in Sources */,
				B8033C042A9742100019F6AC /* HPCalendarCellViewModel.swift in Sources */,
				B8CC01582A9DC00D009FCEDC /* SingleSelectionResult.swift in Sources */,
			);
			runOnlyForDeploymentPostprocessing = 0;
		};
		B823B6A02A8C8EF60043DC9F /* Sources */ = {
			isa = PBXSourcesBuildPhase;
			buildActionMask = 2147483647;
			files = (
				B865E9E52A98B00900BA495B /* HPSingleSelectionManagerTests.swift in Sources */,
				B823B6B82A8CC54A0043DC9F /* NativeHPDaysLoaderTests.swift in Sources */,
				B8FA479E2A8E206D00212FA4 /* UIControl+TestHelpers.swift in Sources */,
				B823B6C32A8D04970043DC9F /* HPCalendarViewModelTests.swift in Sources */,
				B865E9E32A98AD1F00BA495B /* HPCalendarCellViewModelTests.swift in Sources */,
				B83D2B282A8DE8D70078E177 /* HPSingleSelectionCalendarUIIntegrationTests.swift in Sources */,
				B83D2B352A8DF9430078E177 /* HPCalendarView+TestHelpers.swift in Sources */,
				B880068B2A8F988400D10191 /* SharedTestHelpers.swift in Sources */,
				B823B6AA2A8C8EF60043DC9F /* MetaDataProviderTests.swift in Sources */,
				B8FA479C2A8E205200212FA4 /* UIButton+TestHelpers.swift in Sources */,
				B8CC01522A9C84C1009FCEDC /* HPRangeSelectionManagerTests.swift in Sources */,
				B865E9E12A98AC4C00BA495B /* XCTestCase+MemoryLeakTracking.swift in Sources */,
			);
			runOnlyForDeploymentPostprocessing = 0;
		};
/* End PBXSourcesBuildPhase section */

/* Begin PBXTargetDependency section */
		B823B6A72A8C8EF60043DC9F /* PBXTargetDependency */ = {
			isa = PBXTargetDependency;
			target = B823B69B2A8C8EF60043DC9F /* HPCalendar */;
			targetProxy = B823B6A62A8C8EF60043DC9F /* PBXContainerItemProxy */;
		};
/* End PBXTargetDependency section */

/* Begin XCBuildConfiguration section */
		B823B6AC2A8C8EF60043DC9F /* Debug */ = {
			isa = XCBuildConfiguration;
			buildSettings = {
				ALWAYS_SEARCH_USER_PATHS = NO;
				CLANG_ANALYZER_NONNULL = YES;
				CLANG_ANALYZER_NUMBER_OBJECT_CONVERSION = YES_AGGRESSIVE;
				CLANG_CXX_LANGUAGE_STANDARD = "gnu++20";
				CLANG_ENABLE_MODULES = YES;
				CLANG_ENABLE_OBJC_ARC = YES;
				CLANG_ENABLE_OBJC_WEAK = YES;
				CLANG_WARN_BLOCK_CAPTURE_AUTORELEASING = YES;
				CLANG_WARN_BOOL_CONVERSION = YES;
				CLANG_WARN_COMMA = YES;
				CLANG_WARN_CONSTANT_CONVERSION = YES;
				CLANG_WARN_DEPRECATED_OBJC_IMPLEMENTATIONS = YES;
				CLANG_WARN_DIRECT_OBJC_ISA_USAGE = YES_ERROR;
				CLANG_WARN_DOCUMENTATION_COMMENTS = YES;
				CLANG_WARN_EMPTY_BODY = YES;
				CLANG_WARN_ENUM_CONVERSION = YES;
				CLANG_WARN_INFINITE_RECURSION = YES;
				CLANG_WARN_INT_CONVERSION = YES;
				CLANG_WARN_NON_LITERAL_NULL_CONVERSION = YES;
				CLANG_WARN_OBJC_IMPLICIT_RETAIN_SELF = YES;
				CLANG_WARN_OBJC_LITERAL_CONVERSION = YES;
				CLANG_WARN_OBJC_ROOT_CLASS = YES_ERROR;
				CLANG_WARN_QUOTED_INCLUDE_IN_FRAMEWORK_HEADER = YES;
				CLANG_WARN_RANGE_LOOP_ANALYSIS = YES;
				CLANG_WARN_STRICT_PROTOTYPES = YES;
				CLANG_WARN_SUSPICIOUS_MOVE = YES;
				CLANG_WARN_UNGUARDED_AVAILABILITY = YES_AGGRESSIVE;
				CLANG_WARN_UNREACHABLE_CODE = YES;
				CLANG_WARN__DUPLICATE_METHOD_MATCH = YES;
				COPY_PHASE_STRIP = NO;
				CURRENT_PROJECT_VERSION = 1;
				DEBUG_INFORMATION_FORMAT = dwarf;
				ENABLE_STRICT_OBJC_MSGSEND = YES;
				ENABLE_TESTABILITY = YES;
				GCC_C_LANGUAGE_STANDARD = gnu11;
				GCC_DYNAMIC_NO_PIC = NO;
				GCC_NO_COMMON_BLOCKS = YES;
				GCC_OPTIMIZATION_LEVEL = 0;
				GCC_PREPROCESSOR_DEFINITIONS = (
					"DEBUG=1",
					"$(inherited)",
				);
				GCC_WARN_64_TO_32_BIT_CONVERSION = YES;
				GCC_WARN_ABOUT_RETURN_TYPE = YES_ERROR;
				GCC_WARN_UNDECLARED_SELECTOR = YES;
				GCC_WARN_UNINITIALIZED_AUTOS = YES_AGGRESSIVE;
				GCC_WARN_UNUSED_FUNCTION = YES;
				GCC_WARN_UNUSED_VARIABLE = YES;
				IPHONEOS_DEPLOYMENT_TARGET = 16.4;
				MTL_ENABLE_DEBUG_INFO = INCLUDE_SOURCE;
				MTL_FAST_MATH = YES;
				ONLY_ACTIVE_ARCH = YES;
				SDKROOT = iphoneos;
				SWIFT_ACTIVE_COMPILATION_CONDITIONS = DEBUG;
				SWIFT_OPTIMIZATION_LEVEL = "-Onone";
				VERSIONING_SYSTEM = "apple-generic";
				VERSION_INFO_PREFIX = "";
			};
			name = Debug;
		};
		B823B6AD2A8C8EF60043DC9F /* Release */ = {
			isa = XCBuildConfiguration;
			buildSettings = {
				ALWAYS_SEARCH_USER_PATHS = NO;
				CLANG_ANALYZER_NONNULL = YES;
				CLANG_ANALYZER_NUMBER_OBJECT_CONVERSION = YES_AGGRESSIVE;
				CLANG_CXX_LANGUAGE_STANDARD = "gnu++20";
				CLANG_ENABLE_MODULES = YES;
				CLANG_ENABLE_OBJC_ARC = YES;
				CLANG_ENABLE_OBJC_WEAK = YES;
				CLANG_WARN_BLOCK_CAPTURE_AUTORELEASING = YES;
				CLANG_WARN_BOOL_CONVERSION = YES;
				CLANG_WARN_COMMA = YES;
				CLANG_WARN_CONSTANT_CONVERSION = YES;
				CLANG_WARN_DEPRECATED_OBJC_IMPLEMENTATIONS = YES;
				CLANG_WARN_DIRECT_OBJC_ISA_USAGE = YES_ERROR;
				CLANG_WARN_DOCUMENTATION_COMMENTS = YES;
				CLANG_WARN_EMPTY_BODY = YES;
				CLANG_WARN_ENUM_CONVERSION = YES;
				CLANG_WARN_INFINITE_RECURSION = YES;
				CLANG_WARN_INT_CONVERSION = YES;
				CLANG_WARN_NON_LITERAL_NULL_CONVERSION = YES;
				CLANG_WARN_OBJC_IMPLICIT_RETAIN_SELF = YES;
				CLANG_WARN_OBJC_LITERAL_CONVERSION = YES;
				CLANG_WARN_OBJC_ROOT_CLASS = YES_ERROR;
				CLANG_WARN_QUOTED_INCLUDE_IN_FRAMEWORK_HEADER = YES;
				CLANG_WARN_RANGE_LOOP_ANALYSIS = YES;
				CLANG_WARN_STRICT_PROTOTYPES = YES;
				CLANG_WARN_SUSPICIOUS_MOVE = YES;
				CLANG_WARN_UNGUARDED_AVAILABILITY = YES_AGGRESSIVE;
				CLANG_WARN_UNREACHABLE_CODE = YES;
				CLANG_WARN__DUPLICATE_METHOD_MATCH = YES;
				COPY_PHASE_STRIP = NO;
				CURRENT_PROJECT_VERSION = 1;
				DEBUG_INFORMATION_FORMAT = "dwarf-with-dsym";
				ENABLE_NS_ASSERTIONS = NO;
				ENABLE_STRICT_OBJC_MSGSEND = YES;
				GCC_C_LANGUAGE_STANDARD = gnu11;
				GCC_NO_COMMON_BLOCKS = YES;
				GCC_WARN_64_TO_32_BIT_CONVERSION = YES;
				GCC_WARN_ABOUT_RETURN_TYPE = YES_ERROR;
				GCC_WARN_UNDECLARED_SELECTOR = YES;
				GCC_WARN_UNINITIALIZED_AUTOS = YES_AGGRESSIVE;
				GCC_WARN_UNUSED_FUNCTION = YES;
				GCC_WARN_UNUSED_VARIABLE = YES;
				IPHONEOS_DEPLOYMENT_TARGET = 16.4;
				MTL_ENABLE_DEBUG_INFO = NO;
				MTL_FAST_MATH = YES;
				SDKROOT = iphoneos;
				SWIFT_COMPILATION_MODE = wholemodule;
				SWIFT_OPTIMIZATION_LEVEL = "-O";
				VALIDATE_PRODUCT = YES;
				VERSIONING_SYSTEM = "apple-generic";
				VERSION_INFO_PREFIX = "";
			};
			name = Release;
		};
		B823B6AF2A8C8EF60043DC9F /* Debug */ = {
			isa = XCBuildConfiguration;
			buildSettings = {
				CLANG_ENABLE_MODULES = YES;
				CODE_SIGN_STYLE = Automatic;
				CURRENT_PROJECT_VERSION = 1;
				DEFINES_MODULE = YES;
				DEVELOPMENT_TEAM = 4JAU88YC33;
				DYLIB_COMPATIBILITY_VERSION = 1;
				DYLIB_CURRENT_VERSION = 1;
				DYLIB_INSTALL_NAME_BASE = "@rpath";
				ENABLE_MODULE_VERIFIER = YES;
				GENERATE_INFOPLIST_FILE = YES;
				INFOPLIST_KEY_NSHumanReadableCopyright = "";
				INSTALL_PATH = "$(LOCAL_LIBRARY_DIR)/Frameworks";
				LD_RUNPATH_SEARCH_PATHS = (
					"$(inherited)",
					"@executable_path/Frameworks",
					"@loader_path/Frameworks",
				);
				MARKETING_VERSION = 1.0;
				MODULE_VERIFIER_SUPPORTED_LANGUAGES = "objective-c objective-c++";
				MODULE_VERIFIER_SUPPORTED_LANGUAGE_STANDARDS = "gnu11 gnu++20";
				PRODUCT_BUNDLE_IDENTIFIER = com.Peng.HPCalendar;
				PRODUCT_NAME = "$(TARGET_NAME:c99extidentifier)";
				SKIP_INSTALL = YES;
				SWIFT_EMIT_LOC_STRINGS = YES;
				SWIFT_OPTIMIZATION_LEVEL = "-Onone";
				SWIFT_VERSION = 5.0;
				TARGETED_DEVICE_FAMILY = "1,2";
			};
			name = Debug;
		};
		B823B6B02A8C8EF60043DC9F /* Release */ = {
			isa = XCBuildConfiguration;
			buildSettings = {
				CLANG_ENABLE_MODULES = YES;
				CODE_SIGN_STYLE = Automatic;
				CURRENT_PROJECT_VERSION = 1;
				DEFINES_MODULE = YES;
				DEVELOPMENT_TEAM = 4JAU88YC33;
				DYLIB_COMPATIBILITY_VERSION = 1;
				DYLIB_CURRENT_VERSION = 1;
				DYLIB_INSTALL_NAME_BASE = "@rpath";
				ENABLE_MODULE_VERIFIER = YES;
				GENERATE_INFOPLIST_FILE = YES;
				INFOPLIST_KEY_NSHumanReadableCopyright = "";
				INSTALL_PATH = "$(LOCAL_LIBRARY_DIR)/Frameworks";
				LD_RUNPATH_SEARCH_PATHS = (
					"$(inherited)",
					"@executable_path/Frameworks",
					"@loader_path/Frameworks",
				);
				MARKETING_VERSION = 1.0;
				MODULE_VERIFIER_SUPPORTED_LANGUAGES = "objective-c objective-c++";
				MODULE_VERIFIER_SUPPORTED_LANGUAGE_STANDARDS = "gnu11 gnu++20";
				PRODUCT_BUNDLE_IDENTIFIER = com.Peng.HPCalendar;
				PRODUCT_NAME = "$(TARGET_NAME:c99extidentifier)";
				SKIP_INSTALL = YES;
				SWIFT_EMIT_LOC_STRINGS = YES;
				SWIFT_VERSION = 5.0;
				TARGETED_DEVICE_FAMILY = "1,2";
			};
			name = Release;
		};
		B823B6B22A8C8EF60043DC9F /* Debug */ = {
			isa = XCBuildConfiguration;
			buildSettings = {
				ALWAYS_EMBED_SWIFT_STANDARD_LIBRARIES = YES;
				CODE_SIGN_STYLE = Automatic;
				CURRENT_PROJECT_VERSION = 1;
				DEVELOPMENT_TEAM = 4JAU88YC33;
				GENERATE_INFOPLIST_FILE = YES;
				MARKETING_VERSION = 1.0;
				PRODUCT_BUNDLE_IDENTIFIER = com.Peng.HPCalendarTests;
				PRODUCT_NAME = "$(TARGET_NAME)";
				SWIFT_EMIT_LOC_STRINGS = NO;
				SWIFT_VERSION = 5.0;
				TARGETED_DEVICE_FAMILY = "1,2";
			};
			name = Debug;
		};
		B823B6B32A8C8EF60043DC9F /* Release */ = {
			isa = XCBuildConfiguration;
			buildSettings = {
				ALWAYS_EMBED_SWIFT_STANDARD_LIBRARIES = YES;
				CODE_SIGN_STYLE = Automatic;
				CURRENT_PROJECT_VERSION = 1;
				DEVELOPMENT_TEAM = 4JAU88YC33;
				GENERATE_INFOPLIST_FILE = YES;
				MARKETING_VERSION = 1.0;
				PRODUCT_BUNDLE_IDENTIFIER = com.Peng.HPCalendarTests;
				PRODUCT_NAME = "$(TARGET_NAME)";
				SWIFT_EMIT_LOC_STRINGS = NO;
				SWIFT_VERSION = 5.0;
				TARGETED_DEVICE_FAMILY = "1,2";
			};
			name = Release;
		};
/* End XCBuildConfiguration section */

/* Begin XCConfigurationList section */
		B823B6962A8C8EF60043DC9F /* Build configuration list for PBXProject "HPCalendar" */ = {
			isa = XCConfigurationList;
			buildConfigurations = (
				B823B6AC2A8C8EF60043DC9F /* Debug */,
				B823B6AD2A8C8EF60043DC9F /* Release */,
			);
			defaultConfigurationIsVisible = 0;
			defaultConfigurationName = Release;
		};
		B823B6AE2A8C8EF60043DC9F /* Build configuration list for PBXNativeTarget "HPCalendar" */ = {
			isa = XCConfigurationList;
			buildConfigurations = (
				B823B6AF2A8C8EF60043DC9F /* Debug */,
				B823B6B02A8C8EF60043DC9F /* Release */,
			);
			defaultConfigurationIsVisible = 0;
			defaultConfigurationName = Release;
		};
		B823B6B12A8C8EF60043DC9F /* Build configuration list for PBXNativeTarget "HPCalendarTests" */ = {
			isa = XCConfigurationList;
			buildConfigurations = (
				B823B6B22A8C8EF60043DC9F /* Debug */,
				B823B6B32A8C8EF60043DC9F /* Release */,
			);
			defaultConfigurationIsVisible = 0;
			defaultConfigurationName = Release;
		};
/* End XCConfigurationList section */
	};
	rootObject = B823B6932A8C8EF60043DC9F /* Project object */;
}
